// !$*UTF8*$!
{
	archiveVersion = 1;
	classes = {
	};
	objectVersion = 56;
	objects = {

/* Begin PBXBuildFile section */
		1F55822C28D8745300975701 /* AppDelegate.swift in Sources */ = {isa = PBXBuildFile; fileRef = 1F55822B28D8745300975701 /* AppDelegate.swift */; };
		1F55822E28D8745300975701 /* SceneDelegate.swift in Sources */ = {isa = PBXBuildFile; fileRef = 1F55822D28D8745300975701 /* SceneDelegate.swift */; };
		1F55823028D8745300975701 /* MainViewController.swift in Sources */ = {isa = PBXBuildFile; fileRef = 1F55822F28D8745300975701 /* MainViewController.swift */; };
		1F55823528D8745400975701 /* Assets.xcassets in Resources */ = {isa = PBXBuildFile; fileRef = 1F55823428D8745400975701 /* Assets.xcassets */; };
		1F55823828D8745400975701 /* LaunchScreen.storyboard in Resources */ = {isa = PBXBuildFile; fileRef = 1F55823628D8745400975701 /* LaunchScreen.storyboard */; };
		1F55824528D875B000975701 /* MainViewModel.swift in Sources */ = {isa = PBXBuildFile; fileRef = 1F55824428D875B000975701 /* MainViewModel.swift */; };
		1F55824728D875E200975701 /* MainCoordinator.swift in Sources */ = {isa = PBXBuildFile; fileRef = 1F55824628D875E200975701 /* MainCoordinator.swift */; };
		1F55824A28D8796B00975701 /* HTTPManager.swift in Sources */ = {isa = PBXBuildFile; fileRef = 1F55824928D8796B00975701 /* HTTPManager.swift */; };
		1F55824D28D87A9A00975701 /* Cat.swift in Sources */ = {isa = PBXBuildFile; fileRef = 1F55824C28D87A9A00975701 /* Cat.swift */; };
		1F55825028D87DC500975701 /* CatItemsMapper.swift in Sources */ = {isa = PBXBuildFile; fileRef = 1F55824F28D87DC500975701 /* CatItemsMapper.swift */; };
		1F55825828D8893F00975701 /* MainTableViewCell.swift in Sources */ = {isa = PBXBuildFile; fileRef = 1F55825728D8893F00975701 /* MainTableViewCell.swift */; };
		1F55825B28D88AA200975701 /* CatUIComposer.swift in Sources */ = {isa = PBXBuildFile; fileRef = 1F55825A28D88AA200975701 /* CatUIComposer.swift */; };
		1F55825E28D88E3900975701 /* Coordinator.swift in Sources */ = {isa = PBXBuildFile; fileRef = 1F55825D28D88E3900975701 /* Coordinator.swift */; };
/* End PBXBuildFile section */

/* Begin PBXFileReference section */
		1F55822828D8745300975701 /* AdastraTestTask.app */ = {isa = PBXFileReference; explicitFileType = wrapper.application; includeInIndex = 0; path = AdastraTestTask.app; sourceTree = BUILT_PRODUCTS_DIR; };
		1F55822B28D8745300975701 /* AppDelegate.swift */ = {isa = PBXFileReference; lastKnownFileType = sourcecode.swift; path = AppDelegate.swift; sourceTree = "<group>"; };
		1F55822D28D8745300975701 /* SceneDelegate.swift */ = {isa = PBXFileReference; lastKnownFileType = sourcecode.swift; path = SceneDelegate.swift; sourceTree = "<group>"; };
		1F55822F28D8745300975701 /* MainViewController.swift */ = {isa = PBXFileReference; lastKnownFileType = sourcecode.swift; path = MainViewController.swift; sourceTree = "<group>"; };
		1F55823428D8745400975701 /* Assets.xcassets */ = {isa = PBXFileReference; lastKnownFileType = folder.assetcatalog; path = Assets.xcassets; sourceTree = "<group>"; };
		1F55823728D8745400975701 /* Base */ = {isa = PBXFileReference; lastKnownFileType = file.storyboard; name = Base; path = Base.lproj/LaunchScreen.storyboard; sourceTree = "<group>"; };
		1F55823928D8745400975701 /* Info.plist */ = {isa = PBXFileReference; lastKnownFileType = text.plist.xml; path = Info.plist; sourceTree = "<group>"; };
		1F55824428D875B000975701 /* MainViewModel.swift */ = {isa = PBXFileReference; lastKnownFileType = sourcecode.swift; path = MainViewModel.swift; sourceTree = "<group>"; };
		1F55824628D875E200975701 /* MainCoordinator.swift */ = {isa = PBXFileReference; lastKnownFileType = sourcecode.swift; path = MainCoordinator.swift; sourceTree = "<group>"; };
		1F55824928D8796B00975701 /* HTTPManager.swift */ = {isa = PBXFileReference; lastKnownFileType = sourcecode.swift; path = HTTPManager.swift; sourceTree = "<group>"; };
		1F55824C28D87A9A00975701 /* Cat.swift */ = {isa = PBXFileReference; lastKnownFileType = sourcecode.swift; path = Cat.swift; sourceTree = "<group>"; };
		1F55824F28D87DC500975701 /* CatItemsMapper.swift */ = {isa = PBXFileReference; lastKnownFileType = sourcecode.swift; path = CatItemsMapper.swift; sourceTree = "<group>"; };
		1F55825728D8893F00975701 /* MainTableViewCell.swift */ = {isa = PBXFileReference; lastKnownFileType = sourcecode.swift; path = MainTableViewCell.swift; sourceTree = "<group>"; };
		1F55825A28D88AA200975701 /* CatUIComposer.swift */ = {isa = PBXFileReference; lastKnownFileType = sourcecode.swift; path = CatUIComposer.swift; sourceTree = "<group>"; };
		1F55825D28D88E3900975701 /* Coordinator.swift */ = {isa = PBXFileReference; lastKnownFileType = sourcecode.swift; path = Coordinator.swift; sourceTree = "<group>"; };
/* End PBXFileReference section */

/* Begin PBXFrameworksBuildPhase section */
		1F55822528D8745300975701 /* Frameworks */ = {
			isa = PBXFrameworksBuildPhase;
			buildActionMask = 2147483647;
			files = (
			);
			runOnlyForDeploymentPostprocessing = 0;
		};
/* End PBXFrameworksBuildPhase section */

/* Begin PBXGroup section */
		1F55821F28D8745300975701 = {
			isa = PBXGroup;
			children = (
				1F55822A28D8745300975701 /* AdastraTestTask */,
				1F55822928D8745300975701 /* Products */,
			);
			sourceTree = "<group>";
		};
		1F55822928D8745300975701 /* Products */ = {
			isa = PBXGroup;
			children = (
				1F55822828D8745300975701 /* AdastraTestTask.app */,
			);
			name = Products;
			sourceTree = "<group>";
		};
		1F55822A28D8745300975701 /* AdastraTestTask */ = {
			isa = PBXGroup;
			children = (
				1F55822B28D8745300975701 /* AppDelegate.swift */,
				1F55822D28D8745300975701 /* SceneDelegate.swift */,
				1F55825928D88A9500975701 /* Composer */,
				1F55824B28D87A8D00975701 /* Model */,
				1F55824E28D87C2F00975701 /* Mapper */,
				1F55825C28D88E2900975701 /* Coordinator */,
				1F55824828D8795900975701 /* Dependencies */,
				1F55824228D8758600975701 /* Core */,
				1F55823428D8745400975701 /* Assets.xcassets */,
				1F55823628D8745400975701 /* LaunchScreen.storyboard */,
				1F55823928D8745400975701 /* Info.plist */,
			);
			path = AdastraTestTask;
			sourceTree = "<group>";
		};
		1F55824228D8758600975701 /* Core */ = {
			isa = PBXGroup;
			children = (
				1F55824328D8759300975701 /* Main */,
			);
			path = Core;
			sourceTree = "<group>";
		};
		1F55824328D8759300975701 /* Main */ = {
			isa = PBXGroup;
			children = (
				1F55825628D8890700975701 /* Controllers */,
				1F55825528D8890200975701 /* Coordinator */,
				1F55825428D888FD00975701 /* ViewModel */,
				1F55825328D888F600975701 /* Cell */,
			);
			path = Main;
			sourceTree = "<group>";
		};
		1F55824828D8795900975701 /* Dependencies */ = {
			isa = PBXGroup;
			children = (
				1F55824928D8796B00975701 /* HTTPManager.swift */,
			);
			path = Dependencies;
			sourceTree = "<group>";
		};
		1F55824B28D87A8D00975701 /* Model */ = {
			isa = PBXGroup;
			children = (
				1F55824C28D87A9A00975701 /* Cat.swift */,
			);
			path = Model;
			sourceTree = "<group>";
		};
		1F55824E28D87C2F00975701 /* Mapper */ = {
			isa = PBXGroup;
			children = (
				1F55824F28D87DC500975701 /* CatItemsMapper.swift */,
			);
			path = Mapper;
			sourceTree = "<group>";
		};
		1F55825328D888F600975701 /* Cell */ = {
			isa = PBXGroup;
			children = (
				1F55825728D8893F00975701 /* MainTableViewCell.swift */,
			);
			path = Cell;
			sourceTree = "<group>";
		};
		1F55825428D888FD00975701 /* ViewModel */ = {
			isa = PBXGroup;
			children = (
				1F55824428D875B000975701 /* MainViewModel.swift */,
			);
			path = ViewModel;
			sourceTree = "<group>";
		};
		1F55825528D8890200975701 /* Coordinator */ = {
			isa = PBXGroup;
			children = (
				1F55824628D875E200975701 /* MainCoordinator.swift */,
			);
			path = Coordinator;
			sourceTree = "<group>";
		};
		1F55825628D8890700975701 /* Controllers */ = {
			isa = PBXGroup;
			children = (
				1F55822F28D8745300975701 /* MainViewController.swift */,
			);
			path = Controllers;
			sourceTree = "<group>";
		};
		1F55825928D88A9500975701 /* Composer */ = {
			isa = PBXGroup;
			children = (
				1F55825A28D88AA200975701 /* CatUIComposer.swift */,
			);
			path = Composer;
			sourceTree = "<group>";
		};
		1F55825C28D88E2900975701 /* Coordinator */ = {
			isa = PBXGroup;
			children = (
				1F55825D28D88E3900975701 /* Coordinator.swift */,
			);
			path = Coordinator;
			sourceTree = "<group>";
		};
/* End PBXGroup section */

/* Begin PBXNativeTarget section */
		1F55822728D8745300975701 /* AdastraTestTask */ = {
			isa = PBXNativeTarget;
			buildConfigurationList = 1F55823C28D8745400975701 /* Build configuration list for PBXNativeTarget "AdastraTestTask" */;
			buildPhases = (
				1F55822428D8745300975701 /* Sources */,
				1F55822528D8745300975701 /* Frameworks */,
				1F55822628D8745300975701 /* Resources */,
			);
			buildRules = (
			);
			dependencies = (
			);
			name = AdastraTestTask;
			productName = AdastraTestTask;
			productReference = 1F55822828D8745300975701 /* AdastraTestTask.app */;
			productType = "com.apple.product-type.application";
		};
/* End PBXNativeTarget section */

/* Begin PBXProject section */
		1F55822028D8745300975701 /* Project object */ = {
			isa = PBXProject;
			attributes = {
				BuildIndependentTargetsInParallel = 1;
				LastSwiftUpdateCheck = 1400;
				LastUpgradeCheck = 1400;
				TargetAttributes = {
					1F55822728D8745300975701 = {
						CreatedOnToolsVersion = 14.0;
					};
				};
			};
			buildConfigurationList = 1F55822328D8745300975701 /* Build configuration list for PBXProject "AdastraTestTask" */;
			compatibilityVersion = "Xcode 14.0";
			developmentRegion = en;
			hasScannedForEncodings = 0;
			knownRegions = (
				en,
				Base,
			);
			mainGroup = 1F55821F28D8745300975701;
			productRefGroup = 1F55822928D8745300975701 /* Products */;
			projectDirPath = "";
			projectRoot = "";
			targets = (
				1F55822728D8745300975701 /* AdastraTestTask */,
			);
		};
/* End PBXProject section */

/* Begin PBXResourcesBuildPhase section */
		1F55822628D8745300975701 /* Resources */ = {
			isa = PBXResourcesBuildPhase;
			buildActionMask = 2147483647;
			files = (
				1F55823828D8745400975701 /* LaunchScreen.storyboard in Resources */,
				1F55823528D8745400975701 /* Assets.xcassets in Resources */,
			);
			runOnlyForDeploymentPostprocessing = 0;
		};
/* End PBXResourcesBuildPhase section */

/* Begin PBXSourcesBuildPhase section */
		1F55822428D8745300975701 /* Sources */ = {
			isa = PBXSourcesBuildPhase;
			buildActionMask = 2147483647;
			files = (
				1F55825B28D88AA200975701 /* CatUIComposer.swift in Sources */,
				1F55824A28D8796B00975701 /* HTTPManager.swift in Sources */,
				1F55824528D875B000975701 /* MainViewModel.swift in Sources */,
				1F55824728D875E200975701 /* MainCoordinator.swift in Sources */,
				1F55825828D8893F00975701 /* MainTableViewCell.swift in Sources */,
				1F55824D28D87A9A00975701 /* Cat.swift in Sources */,
				1F55825E28D88E3900975701 /* Coordinator.swift in Sources */,
				1F55823028D8745300975701 /* MainViewController.swift in Sources */,
				1F55822C28D8745300975701 /* AppDelegate.swift in Sources */,
				1F55822E28D8745300975701 /* SceneDelegate.swift in Sources */,
				1F55825028D87DC500975701 /* CatItemsMapper.swift in Sources */,
			);
			runOnlyForDeploymentPostprocessing = 0;
		};
/* End PBXSourcesBuildPhase section */

/* Begin PBXVariantGroup section */
		1F55823628D8745400975701 /* LaunchScreen.storyboard */ = {
			isa = PBXVariantGroup;
			children = (
				1F55823728D8745400975701 /* Base */,
			);
			name = LaunchScreen.storyboard;
			sourceTree = "<group>";
		};
/* End PBXVariantGroup section */

/* Begin XCBuildConfiguration section */
		1F55823A28D8745400975701 /* Debug */ = {
			isa = XCBuildConfiguration;
			buildSettings = {
				ALWAYS_SEARCH_USER_PATHS = NO;
				CLANG_ANALYZER_NONNULL = YES;
				CLANG_ANALYZER_NUMBER_OBJECT_CONVERSION = YES_AGGRESSIVE;
				CLANG_CXX_LANGUAGE_STANDARD = "gnu++20";
				CLANG_ENABLE_MODULES = YES;
				CLANG_ENABLE_OBJC_ARC = YES;
				CLANG_ENABLE_OBJC_WEAK = YES;
				CLANG_WARN_BLOCK_CAPTURE_AUTORELEASING = YES;
				CLANG_WARN_BOOL_CONVERSION = YES;
				CLANG_WARN_COMMA = YES;
				CLANG_WARN_CONSTANT_CONVERSION = YES;
				CLANG_WARN_DEPRECATED_OBJC_IMPLEMENTATIONS = YES;
				CLANG_WARN_DIRECT_OBJC_ISA_USAGE = YES_ERROR;
				CLANG_WARN_DOCUMENTATION_COMMENTS = YES;
				CLANG_WARN_EMPTY_BODY = YES;
				CLANG_WARN_ENUM_CONVERSION = YES;
				CLANG_WARN_INFINITE_RECURSION = YES;
				CLANG_WARN_INT_CONVERSION = YES;
				CLANG_WARN_NON_LITERAL_NULL_CONVERSION = YES;
				CLANG_WARN_OBJC_IMPLICIT_RETAIN_SELF = YES;
				CLANG_WARN_OBJC_LITERAL_CONVERSION = YES;
				CLANG_WARN_OBJC_ROOT_CLASS = YES_ERROR;
				CLANG_WARN_QUOTED_INCLUDE_IN_FRAMEWORK_HEADER = YES;
				CLANG_WARN_RANGE_LOOP_ANALYSIS = YES;
				CLANG_WARN_STRICT_PROTOTYPES = YES;
				CLANG_WARN_SUSPICIOUS_MOVE = YES;
				CLANG_WARN_UNGUARDED_AVAILABILITY = YES_AGGRESSIVE;
				CLANG_WARN_UNREACHABLE_CODE = YES;
				CLANG_WARN__DUPLICATE_METHOD_MATCH = YES;
				COPY_PHASE_STRIP = NO;
				DEBUG_INFORMATION_FORMAT = dwarf;
				ENABLE_STRICT_OBJC_MSGSEND = YES;
				ENABLE_TESTABILITY = YES;
				GCC_C_LANGUAGE_STANDARD = gnu11;
				GCC_DYNAMIC_NO_PIC = NO;
				GCC_NO_COMMON_BLOCKS = YES;
				GCC_OPTIMIZATION_LEVEL = 0;
				GCC_PREPROCESSOR_DEFINITIONS = (
					"DEBUG=1",
					"$(inherited)",
				);
				GCC_WARN_64_TO_32_BIT_CONVERSION = YES;
				GCC_WARN_ABOUT_RETURN_TYPE = YES_ERROR;
				GCC_WARN_UNDECLARED_SELECTOR = YES;
				GCC_WARN_UNINITIALIZED_AUTOS = YES_AGGRESSIVE;
				GCC_WARN_UNUSED_FUNCTION = YES;
				GCC_WARN_UNUSED_VARIABLE = YES;
				IPHONEOS_DEPLOYMENT_TARGET = 16.0;
				MTL_ENABLE_DEBUG_INFO = INCLUDE_SOURCE;
				MTL_FAST_MATH = YES;
				ONLY_ACTIVE_ARCH = YES;
				SDKROOT = iphoneos;
				SWIFT_ACTIVE_COMPILATION_CONDITIONS = DEBUG;
				SWIFT_OPTIMIZATION_LEVEL = "-Onone";
			};
			name = Debug;
		};
		1F55823B28D8745400975701 /* Release */ = {
			isa = XCBuildConfiguration;
			buildSettings = {
				ALWAYS_SEARCH_USER_PATHS = NO;
				CLANG_ANALYZER_NONNULL = YES;
				CLANG_ANALYZER_NUMBER_OBJECT_CONVERSION = YES_AGGRESSIVE;
				CLANG_CXX_LANGUAGE_STANDARD = "gnu++20";
				CLANG_ENABLE_MODULES = YES;
				CLANG_ENABLE_OBJC_ARC = YES;
				CLANG_ENABLE_OBJC_WEAK = YES;
				CLANG_WARN_BLOCK_CAPTURE_AUTORELEASING = YES;
				CLANG_WARN_BOOL_CONVERSION = YES;
				CLANG_WARN_COMMA = YES;
				CLANG_WARN_CONSTANT_CONVERSION = YES;
				CLANG_WARN_DEPRECATED_OBJC_IMPLEMENTATIONS = YES;
				CLANG_WARN_DIRECT_OBJC_ISA_USAGE = YES_ERROR;
				CLANG_WARN_DOCUMENTATION_COMMENTS = YES;
				CLANG_WARN_EMPTY_BODY = YES;
				CLANG_WARN_ENUM_CONVERSION = YES;
				CLANG_WARN_INFINITE_RECURSION = YES;
				CLANG_WARN_INT_CONVERSION = YES;
				CLANG_WARN_NON_LITERAL_NULL_CONVERSION = YES;
				CLANG_WARN_OBJC_IMPLICIT_RETAIN_SELF = YES;
				CLANG_WARN_OBJC_LITERAL_CONVERSION = YES;
				CLANG_WARN_OBJC_ROOT_CLASS = YES_ERROR;
				CLANG_WARN_QUOTED_INCLUDE_IN_FRAMEWORK_HEADER = YES;
				CLANG_WARN_RANGE_LOOP_ANALYSIS = YES;
				CLANG_WARN_STRICT_PROTOTYPES = YES;
				CLANG_WARN_SUSPICIOUS_MOVE = YES;
				CLANG_WARN_UNGUARDED_AVAILABILITY = YES_AGGRESSIVE;
				CLANG_WARN_UNREACHABLE_CODE = YES;
				CLANG_WARN__DUPLICATE_METHOD_MATCH = YES;
				COPY_PHASE_STRIP = NO;
				DEBUG_INFORMATION_FORMAT = "dwarf-with-dsym";
				ENABLE_NS_ASSERTIONS = NO;
				ENABLE_STRICT_OBJC_MSGSEND = YES;
				GCC_C_LANGUAGE_STANDARD = gnu11;
				GCC_NO_COMMON_BLOCKS = YES;
				GCC_WARN_64_TO_32_BIT_CONVERSION = YES;
				GCC_WARN_ABOUT_RETURN_TYPE = YES_ERROR;
				GCC_WARN_UNDECLARED_SELECTOR = YES;
				GCC_WARN_UNINITIALIZED_AUTOS = YES_AGGRESSIVE;
				GCC_WARN_UNUSED_FUNCTION = YES;
				GCC_WARN_UNUSED_VARIABLE = YES;
				IPHONEOS_DEPLOYMENT_TARGET = 16.0;
				MTL_ENABLE_DEBUG_INFO = NO;
				MTL_FAST_MATH = YES;
				SDKROOT = iphoneos;
				SWIFT_COMPILATION_MODE = wholemodule;
				SWIFT_OPTIMIZATION_LEVEL = "-O";
				VALIDATE_PRODUCT = YES;
			};
			name = Release;
		};
		1F55823D28D8745400975701 /* Debug */ = {
			isa = XCBuildConfiguration;
			buildSettings = {
				ASSETCATALOG_COMPILER_APPICON_NAME = AppIcon;
				ASSETCATALOG_COMPILER_GLOBAL_ACCENT_COLOR_NAME = AccentColor;
				CODE_SIGN_STYLE = Automatic;
				CURRENT_PROJECT_VERSION = 1;
				DEVELOPMENT_TEAM = S357Q5BVQT;
				GENERATE_INFOPLIST_FILE = YES;
				INFOPLIST_FILE = AdastraTestTask/Info.plist;
				INFOPLIST_KEY_UIApplicationSupportsIndirectInputEvents = YES;
				INFOPLIST_KEY_UILaunchStoryboardName = LaunchScreen;
				INFOPLIST_KEY_UISupportedInterfaceOrientations = UIInterfaceOrientationPortrait;
				IPHONEOS_DEPLOYMENT_TARGET = 13.0;
				LD_RUNPATH_SEARCH_PATHS = (
					"$(inherited)",
					"@executable_path/Frameworks",
				);
				MARKETING_VERSION = 1.0;
				PRODUCT_BUNDLE_IDENTIFIER = vastDemo.AdastraTestTask;
				PRODUCT_NAME = "$(TARGET_NAME)";
				SWIFT_EMIT_LOC_STRINGS = YES;
				SWIFT_VERSION = 5.0;
				TARGETED_DEVICE_FAMILY = "1,2";
			};
			name = Debug;
		};
		1F55823E28D8745400975701 /* Release */ = {
			isa = XCBuildConfiguration;
			buildSettings = {
				ASSETCATALOG_COMPILER_APPICON_NAME = AppIcon;
				ASSETCATALOG_COMPILER_GLOBAL_ACCENT_COLOR_NAME = AccentColor;
				CODE_SIGN_STYLE = Automatic;
				CURRENT_PROJECT_VERSION = 1;
				DEVELOPMENT_TEAM = S357Q5BVQT;
				GENERATE_INFOPLIST_FILE = YES;
				INFOPLIST_FILE = AdastraTestTask/Info.plist;
				INFOPLIST_KEY_UIApplicationSupportsIndirectInputEvents = YES;
				INFOPLIST_KEY_UILaunchStoryboardName = LaunchScreen;
				INFOPLIST_KEY_UISupportedInterfaceOrientations = UIInterfaceOrientationPortrait;
				IPHONEOS_DEPLOYMENT_TARGET = 13.0;
				LD_RUNPATH_SEARCH_PATHS = (
					"$(inherited)",
					"@executable_path/Frameworks",
				);
				MARKETING_VERSION = 1.0;
				PRODUCT_BUNDLE_IDENTIFIER = vastDemo.AdastraTestTask;
				PRODUCT_NAME = "$(TARGET_NAME)";
				SWIFT_EMIT_LOC_STRINGS = YES;
				SWIFT_VERSION = 5.0;
				TARGETED_DEVICE_FAMILY = "1,2";
			};
			name = Release;
		};
/* End XCBuildConfiguration section */

/* Begin XCConfigurationList section */
		1F55822328D8745300975701 /* Build configuration list for PBXProject "AdastraTestTask" */ = {
			isa = XCConfigurationList;
			buildConfigurations = (
				1F55823A28D8745400975701 /* Debug */,
				1F55823B28D8745400975701 /* Release */,
			);
			defaultConfigurationIsVisible = 0;
			defaultConfigurationName = Release;
		};
		1F55823C28D8745400975701 /* Build configuration list for PBXNativeTarget "AdastraTestTask" */ = {
			isa = XCConfigurationList;
			buildConfigurations = (
				1F55823D28D8745400975701 /* Debug */,
				1F55823E28D8745400975701 /* Release */,
			);
			defaultConfigurationIsVisible = 0;
			defaultConfigurationName = Release;
		};
/* End XCConfigurationList section */
	};
	rootObject = 1F55822028D8745300975701 /* Project object */;
}
